
Microsoft Visual Studio Solution File, Format Version 12.00
# Visual Studio Version 16
VisualStudioVersion = 16.0.30320.27
MinimumVisualStudioVersion = 10.0.40219.1
Project("{8BC9CEB8-8B4A-11D0-8D11-00A0C91BC942}") = "Time", "Time.vcxproj", "{4E962396-8D2F-4E7B-9168-664411C6723E}"
EndProject
Global
	GlobalSection(SolutionConfigurationPlatforms) = preSolution
		Debug|x64 = Debug|x64
		Debug|x86 = Debug|x86
		Release|x64 = Release|x64
		Release|x86 = Release|x86
	EndGlobalSection
	GlobalSection(ProjectConfigurationPlatforms) = postSolution
		{4E962396-8D2F-4E7B-9168-664411C6723E}.Debug|x64.ActiveCfg = Debug|x64
		{4E962396-8D2F-4E7B-9168-664411C6723E}.Debug|x64.Build.0 = Debug|x64
		{4E962396-8D2F-4E7B-9168-664411C6723E}.Debug|x86.ActiveCfg = Debug|Win32
		{4E962396-8D2F-4E7B-9168-664411C6723E}.Debug|x86.Build.0 = Debug|Win32
		{4E962396-8D2F-4E7B-9168-664411C6723E}.Release|x64.ActiveCfg = Release|x64
		{4E962396-8D2F-4E7B-9168-664411C6723E}.Release|x64.Build.0 = Release|x64
		{4E962396-8D2F-4E7B-9168-664411C6723E}.Release|x86.ActiveCfg = Release|Win32
		{4E962396-8D2F-4E7B-9168-664411C6723E}.Release|x86.Build.0 = Release|Win32
	EndGlobalSection
	GlobalSection(SolutionProperties) = preSolution
		HideSolutionNode = FALSE
	EndGlobalSection
	GlobalSection(ExtensibilityGlobals) = postSolution
		SolutionGuid = {048DD84F-6817-4286-B4C3-34AD5A85A667}
	EndGlobalSection
EndGlobal
